
Microsoft Visual Studio Solution File, Format Version 12.00
# Visual Studio Version 16
VisualStudioVersion = 16.0.31005.135
MinimumVisualStudioVersion = 10.0.40219.1
Project("{FAE04EC0-301F-11D3-BF4B-00C04F79EFBC}") = "DevelopmentAndBuildTools", "DevelopmentAndBuildTools\DevelopmentAndBuildTools.csproj", "{AA228C71-A04B-4269-B306-BA99E1D68DAF}"
EndProject
Global
	GlobalSection(SolutionConfigurationPlatforms) = preSolution
		Debug|Any CPU = Debug|Any CPU
		Release|Any CPU = Release|Any CPU
	EndGlobalSection
	GlobalSection(ProjectConfigurationPlatforms) = postSolution
		{AA228C71-A04B-4269-B306-BA99E1D68DAF}.Debug|Any CPU.ActiveCfg = Debug|Any CPU
		{AA228C71-A04B-4269-B306-BA99E1D68DAF}.Debug|Any CPU.Build.0 = Debug|Any CPU
		{AA228C71-A04B-4269-B306-BA99E1D68DAF}.Release|Any CPU.ActiveCfg = Release|Any CPU
		{AA228C71-A04B-4269-B306-BA99E1D68DAF}.Release|Any CPU.Build.0 = Release|Any CPU
	EndGlobalSection
	GlobalSection(SolutionProperties) = preSolution
		HideSolutionNode = FALSE
	EndGlobalSection
	GlobalSection(ExtensibilityGlobals) = postSolution
		SolutionGuid = {10F100CB-F5D7-43B7-88A6-D9706F036670}
	EndGlobalSection
EndGlobal
